
Microsoft Visual Studio Solution File, Format Version 12.00
# Visual Studio 15
VisualStudioVersion = 15.0.27130.2027
MinimumVisualStudioVersion = 10.0.40219.1
Project("{FAE04EC0-301F-11D3-BF4B-00C04F79EFBC}") = "NET.W.2018.Соколовский.16", "NET.W.2018.Соколовский.16\NET.W.2018.Соколовский.16.csproj", "{C64AEAA9-3927-4CDF-956E-2283966521EF}"
EndProject
Global
	GlobalSection(SolutionConfigurationPlatforms) = preSolution
		Debug|Any CPU = Debug|Any CPU
		Release|Any CPU = Release|Any CPU
	EndGlobalSection
	GlobalSection(ProjectConfigurationPlatforms) = postSolution
		{C64AEAA9-3927-4CDF-956E-2283966521EF}.Debug|Any CPU.ActiveCfg = Debug|Any CPU
		{C64AEAA9-3927-4CDF-956E-2283966521EF}.Debug|Any CPU.Build.0 = Debug|Any CPU
		{C64AEAA9-3927-4CDF-956E-2283966521EF}.Release|Any CPU.ActiveCfg = Release|Any CPU
		{C64AEAA9-3927-4CDF-956E-2283966521EF}.Release|Any CPU.Build.0 = Release|Any CPU
	EndGlobalSection
	GlobalSection(SolutionProperties) = preSolution
		HideSolutionNode = FALSE
	EndGlobalSection
	GlobalSection(ExtensibilityGlobals) = postSolution
		SolutionGuid = {00AAAFCB-17DE-46BD-B776-E5E757B655D2}
	EndGlobalSection
EndGlobal
