
Microsoft Visual Studio Solution File, Format Version 12.00
# Visual Studio 15
VisualStudioVersion = 15.0.27130.2027
MinimumVisualStudioVersion = 10.0.40219.1
Project("{FAE04EC0-301F-11D3-BF4B-00C04F79EFBC}") = "NET.W.2018.Соколовский.01.5", "NET.W.2018.Соколовский.01.5\NET.W.2018.Соколовский.01.5.csproj", "{F09219A2-67C3-44DB-9CA0-20665A5E6A54}"
EndProject
Project("{FAE04EC0-301F-11D3-BF4B-00C04F79EFBC}") = "Tests", "Tests\Tests.csproj", "{263E7F83-3462-4FAD-94C0-CE5B0B85FE43}"
EndProject
Global
	GlobalSection(SolutionConfigurationPlatforms) = preSolution
		Debug|Any CPU = Debug|Any CPU
		Release|Any CPU = Release|Any CPU
	EndGlobalSection
	GlobalSection(ProjectConfigurationPlatforms) = postSolution
		{F09219A2-67C3-44DB-9CA0-20665A5E6A54}.Debug|Any CPU.ActiveCfg = Debug|Any CPU
		{F09219A2-67C3-44DB-9CA0-20665A5E6A54}.Debug|Any CPU.Build.0 = Debug|Any CPU
		{F09219A2-67C3-44DB-9CA0-20665A5E6A54}.Release|Any CPU.ActiveCfg = Release|Any CPU
		{F09219A2-67C3-44DB-9CA0-20665A5E6A54}.Release|Any CPU.Build.0 = Release|Any CPU
		{263E7F83-3462-4FAD-94C0-CE5B0B85FE43}.Debug|Any CPU.ActiveCfg = Debug|Any CPU
		{263E7F83-3462-4FAD-94C0-CE5B0B85FE43}.Debug|Any CPU.Build.0 = Debug|Any CPU
		{263E7F83-3462-4FAD-94C0-CE5B0B85FE43}.Release|Any CPU.ActiveCfg = Release|Any CPU
		{263E7F83-3462-4FAD-94C0-CE5B0B85FE43}.Release|Any CPU.Build.0 = Release|Any CPU
	EndGlobalSection
	GlobalSection(SolutionProperties) = preSolution
		HideSolutionNode = FALSE
	EndGlobalSection
	GlobalSection(ExtensibilityGlobals) = postSolution
		SolutionGuid = {F81C04F2-D436-4B43-878E-FC3EE74CC8B9}
	EndGlobalSection
EndGlobal
